
Microsoft Visual Studio Solution File, Format Version 12.00
# Visual Studio Version 16
VisualStudioVersion = 16.0.32510.428
MinimumVisualStudioVersion = 10.0.40219.1
Project("{FAE04EC0-301F-11D3-BF4B-00C04F79EFBC}") = "GoogleAPIDemo", "GoogleAPIDemo\GoogleAPIDemo.csproj", "{EA054BBD-10D5-4E1C-8E8E-FB359127E519}"
EndProject
Global
	GlobalSection(SolutionConfigurationPlatforms) = preSolution
		Debug|Any CPU = Debug|Any CPU
		Release|Any CPU = Release|Any CPU
	EndGlobalSection
	GlobalSection(ProjectConfigurationPlatforms) = postSolution
		{EA054BBD-10D5-4E1C-8E8E-FB359127E519}.Debug|Any CPU.ActiveCfg = Debug|Any CPU
		{EA054BBD-10D5-4E1C-8E8E-FB359127E519}.Debug|Any CPU.Build.0 = Debug|Any CPU
		{EA054BBD-10D5-4E1C-8E8E-FB359127E519}.Release|Any CPU.ActiveCfg = Release|Any CPU
		{EA054BBD-10D5-4E1C-8E8E-FB359127E519}.Release|Any CPU.Build.0 = Release|Any CPU
	EndGlobalSection
	GlobalSection(SolutionProperties) = preSolution
		HideSolutionNode = FALSE
	EndGlobalSection
	GlobalSection(ExtensibilityGlobals) = postSolution
		SolutionGuid = {4939DF9F-9999-44D9-94DC-87DFAA8F5A7B}
	EndGlobalSection
EndGlobal
